
Microsoft Visual Studio Solution File, Format Version 12.00
# Visual Studio 15
VisualStudioVersion = 15.0.27703.2047
MinimumVisualStudioVersion = 10.0.40219.1
Project("{FAE04EC0-301F-11D3-BF4B-00C04F79EFBC}") = "Clase_14_CL_01", "Clase_14_CL_01\Clase_14_CL_01.csproj", "{F90639FB-335F-4BC2-841A-78A9AF1F2273}"
EndProject
Project("{FAE04EC0-301F-11D3-BF4B-00C04F79EFBC}") = "Clase_14_C_01", "Clase_14_C_01\Clase_14_C_01.csproj", "{A5F0989A-F730-456B-B171-BB95AD5163B4}"
EndProject
Project("{FAE04EC0-301F-11D3-BF4B-00C04F79EFBC}") = "Clase_15_WF_01", "Clase_15_WF_01\Clase_15_WF_01.csproj", "{8B944194-2977-4193-ACCA-438D2DB95414}"
EndProject
Project("{FAE04EC0-301F-11D3-BF4B-00C04F79EFBC}") = "Clase_16_CL_01", "Clase 16_CL_01\Clase_16_CL_01.csproj", "{2E078131-8441-44FC-B83D-D3FA9379FDCD}"
EndProject
Project("{FAE04EC0-301F-11D3-BF4B-00C04F79EFBC}") = "Clase_16_C_01", "Clase_16_C_01\Clase_16_C_01.csproj", "{4710FC4B-D355-44FB-BD2C-2BED7FE07451}"
EndProject
Project("{9A19103F-16F7-4668-BE54-9A1E7A4F7556}") = "Clase_17_CL_01", "Clase_17_CL_01\Clase_17_CL_01.csproj", "{6E04485B-0942-4240-A2AB-ACA904E0F95D}"
EndProject
Project("{FAE04EC0-301F-11D3-BF4B-00C04F79EFBC}") = "Clase_17_C_01", "Clase_17_C_01\Clase_17_C_01.csproj", "{EA83C0AF-E43C-47EA-B5A6-6A38DB4977E9}"
EndProject
Project("{FAE04EC0-301F-11D3-BF4B-00C04F79EFBC}") = "Clase_18_CL_01", "Clase_18_CL_01\Clase_18_CL_01.csproj", "{977FD135-FF00-4018-AD80-918FF1B44BDF}"
EndProject
Project("{FAE04EC0-301F-11D3-BF4B-00C04F79EFBC}") = "Clase_18_C_01", "Clase_18_C_01\Clase_18_C_01.csproj", "{FF79DEBC-9B47-45EB-9896-BF73195B3A48}"
EndProject
Project("{FAE04EC0-301F-11D3-BF4B-00C04F79EFBC}") = "Clase_18_WF_01", "Clase_18_WF_01\Clase_18_WF_01.csproj", "{60F95BEE-36D5-4C84-A774-C73D55627D00}"
EndProject
Project("{FAE04EC0-301F-11D3-BF4B-00C04F79EFBC}") = "Clase_20_WF_01", "Clase_20_WF_01\Clase_20_WF_01.csproj", "{8A0A66E9-CA9C-41B4-9B44-22422223423D}"
EndProject
Project("{FAE04EC0-301F-11D3-BF4B-00C04F79EFBC}") = "Clase_21_CL_01", "Clase_21_CL_01\Clase_21_CL_01.csproj", "{A5034218-3104-4DA0-A82B-1C56BCBDFEE6}"
EndProject
Project("{FAE04EC0-301F-11D3-BF4B-00C04F79EFBC}") = "Clase_21_C_01", "Clase_21_C_01\Clase_21_C_01.csproj", "{48046693-95B2-4552-AC64-47220E11BF52}"
EndProject
Project("{FAE04EC0-301F-11D3-BF4B-00C04F79EFBC}") = "Clase_21_WF_01", "Clase_21_WF_01\Clase_21_WF_01.csproj", "{721C8066-EFCD-4C06-B6F9-496A03F33382}"
EndProject
Global
	GlobalSection(SolutionConfigurationPlatforms) = preSolution
		Debug|Any CPU = Debug|Any CPU
		Release|Any CPU = Release|Any CPU
	EndGlobalSection
	GlobalSection(ProjectConfigurationPlatforms) = postSolution
		{F90639FB-335F-4BC2-841A-78A9AF1F2273}.Debug|Any CPU.ActiveCfg = Debug|Any CPU
		{F90639FB-335F-4BC2-841A-78A9AF1F2273}.Debug|Any CPU.Build.0 = Debug|Any CPU
		{F90639FB-335F-4BC2-841A-78A9AF1F2273}.Release|Any CPU.ActiveCfg = Release|Any CPU
		{F90639FB-335F-4BC2-841A-78A9AF1F2273}.Release|Any CPU.Build.0 = Release|Any CPU
		{A5F0989A-F730-456B-B171-BB95AD5163B4}.Debug|Any CPU.ActiveCfg = Debug|Any CPU
		{A5F0989A-F730-456B-B171-BB95AD5163B4}.Debug|Any CPU.Build.0 = Debug|Any CPU
		{A5F0989A-F730-456B-B171-BB95AD5163B4}.Release|Any CPU.ActiveCfg = Release|Any CPU
		{A5F0989A-F730-456B-B171-BB95AD5163B4}.Release|Any CPU.Build.0 = Release|Any CPU
		{8B944194-2977-4193-ACCA-438D2DB95414}.Debug|Any CPU.ActiveCfg = Debug|Any CPU
		{8B944194-2977-4193-ACCA-438D2DB95414}.Debug|Any CPU.Build.0 = Debug|Any CPU
		{8B944194-2977-4193-ACCA-438D2DB95414}.Release|Any CPU.ActiveCfg = Release|Any CPU
		{8B944194-2977-4193-ACCA-438D2DB95414}.Release|Any CPU.Build.0 = Release|Any CPU
		{2E078131-8441-44FC-B83D-D3FA9379FDCD}.Debug|Any CPU.ActiveCfg = Debug|Any CPU
		{2E078131-8441-44FC-B83D-D3FA9379FDCD}.Debug|Any CPU.Build.0 = Debug|Any CPU
		{2E078131-8441-44FC-B83D-D3FA9379FDCD}.Release|Any CPU.ActiveCfg = Release|Any CPU
		{2E078131-8441-44FC-B83D-D3FA9379FDCD}.Release|Any CPU.Build.0 = Release|Any CPU
		{4710FC4B-D355-44FB-BD2C-2BED7FE07451}.Debug|Any CPU.ActiveCfg = Debug|Any CPU
		{4710FC4B-D355-44FB-BD2C-2BED7FE07451}.Debug|Any CPU.Build.0 = Debug|Any CPU
		{4710FC4B-D355-44FB-BD2C-2BED7FE07451}.Release|Any CPU.ActiveCfg = Release|Any CPU
		{4710FC4B-D355-44FB-BD2C-2BED7FE07451}.Release|Any CPU.Build.0 = Release|Any CPU
		{6E04485B-0942-4240-A2AB-ACA904E0F95D}.Debug|Any CPU.ActiveCfg = Debug|Any CPU
		{6E04485B-0942-4240-A2AB-ACA904E0F95D}.Debug|Any CPU.Build.0 = Debug|Any CPU
		{6E04485B-0942-4240-A2AB-ACA904E0F95D}.Release|Any CPU.ActiveCfg = Release|Any CPU
		{6E04485B-0942-4240-A2AB-ACA904E0F95D}.Release|Any CPU.Build.0 = Release|Any CPU
		{EA83C0AF-E43C-47EA-B5A6-6A38DB4977E9}.Debug|Any CPU.ActiveCfg = Debug|Any CPU
		{EA83C0AF-E43C-47EA-B5A6-6A38DB4977E9}.Debug|Any CPU.Build.0 = Debug|Any CPU
		{EA83C0AF-E43C-47EA-B5A6-6A38DB4977E9}.Release|Any CPU.ActiveCfg = Release|Any CPU
		{EA83C0AF-E43C-47EA-B5A6-6A38DB4977E9}.Release|Any CPU.Build.0 = Release|Any CPU
		{977FD135-FF00-4018-AD80-918FF1B44BDF}.Debug|Any CPU.ActiveCfg = Debug|Any CPU
		{977FD135-FF00-4018-AD80-918FF1B44BDF}.Debug|Any CPU.Build.0 = Debug|Any CPU
		{977FD135-FF00-4018-AD80-918FF1B44BDF}.Release|Any CPU.ActiveCfg = Release|Any CPU
		{977FD135-FF00-4018-AD80-918FF1B44BDF}.Release|Any CPU.Build.0 = Release|Any CPU
		{FF79DEBC-9B47-45EB-9896-BF73195B3A48}.Debug|Any CPU.ActiveCfg = Debug|Any CPU
		{FF79DEBC-9B47-45EB-9896-BF73195B3A48}.Debug|Any CPU.Build.0 = Debug|Any CPU
		{FF79DEBC-9B47-45EB-9896-BF73195B3A48}.Release|Any CPU.ActiveCfg = Release|Any CPU
		{FF79DEBC-9B47-45EB-9896-BF73195B3A48}.Release|Any CPU.Build.0 = Release|Any CPU
		{60F95BEE-36D5-4C84-A774-C73D55627D00}.Debug|Any CPU.ActiveCfg = Debug|Any CPU
		{60F95BEE-36D5-4C84-A774-C73D55627D00}.Debug|Any CPU.Build.0 = Debug|Any CPU
		{60F95BEE-36D5-4C84-A774-C73D55627D00}.Release|Any CPU.ActiveCfg = Release|Any CPU
		{60F95BEE-36D5-4C84-A774-C73D55627D00}.Release|Any CPU.Build.0 = Release|Any CPU
		{8A0A66E9-CA9C-41B4-9B44-22422223423D}.Debug|Any CPU.ActiveCfg = Debug|Any CPU
		{8A0A66E9-CA9C-41B4-9B44-22422223423D}.Debug|Any CPU.Build.0 = Debug|Any CPU
		{8A0A66E9-CA9C-41B4-9B44-22422223423D}.Release|Any CPU.ActiveCfg = Release|Any CPU
		{8A0A66E9-CA9C-41B4-9B44-22422223423D}.Release|Any CPU.Build.0 = Release|Any CPU
		{A5034218-3104-4DA0-A82B-1C56BCBDFEE6}.Debug|Any CPU.ActiveCfg = Debug|Any CPU
		{A5034218-3104-4DA0-A82B-1C56BCBDFEE6}.Debug|Any CPU.Build.0 = Debug|Any CPU
		{A5034218-3104-4DA0-A82B-1C56BCBDFEE6}.Release|Any CPU.ActiveCfg = Release|Any CPU
		{A5034218-3104-4DA0-A82B-1C56BCBDFEE6}.Release|Any CPU.Build.0 = Release|Any CPU
		{48046693-95B2-4552-AC64-47220E11BF52}.Debug|Any CPU.ActiveCfg = Debug|Any CPU
		{48046693-95B2-4552-AC64-47220E11BF52}.Debug|Any CPU.Build.0 = Debug|Any CPU
		{48046693-95B2-4552-AC64-47220E11BF52}.Release|Any CPU.ActiveCfg = Release|Any CPU
		{48046693-95B2-4552-AC64-47220E11BF52}.Release|Any CPU.Build.0 = Release|Any CPU
		{721C8066-EFCD-4C06-B6F9-496A03F33382}.Debug|Any CPU.ActiveCfg = Debug|Any CPU
		{721C8066-EFCD-4C06-B6F9-496A03F33382}.Debug|Any CPU.Build.0 = Debug|Any CPU
		{721C8066-EFCD-4C06-B6F9-496A03F33382}.Release|Any CPU.ActiveCfg = Release|Any CPU
		{721C8066-EFCD-4C06-B6F9-496A03F33382}.Release|Any CPU.Build.0 = Release|Any CPU
	EndGlobalSection
	GlobalSection(SolutionProperties) = preSolution
		HideSolutionNode = FALSE
	EndGlobalSection
	GlobalSection(ExtensibilityGlobals) = postSolution
		SolutionGuid = {619CDB04-E243-4695-B49B-C8D6515CE028}
	EndGlobalSection
EndGlobal
