
Microsoft Visual Studio Solution File, Format Version 12.00
# Visual Studio 15
VisualStudioVersion = 15.0.27703.2047
MinimumVisualStudioVersion = 10.0.40219.1
Project("{FAE04EC0-301F-11D3-BF4B-00C04F79EFBC}") = "Clase_01_E_01", "proyecto01\Clase_01_E_01.csproj", "{B5584F14-4DB4-4BEF-8FF9-45C146CDD4CC}"
EndProject
Project("{FAE04EC0-301F-11D3-BF4B-00C04F79EFBC}") = "Ejercicio_01", "Ejercicio_01\Ejercicio_01.csproj", "{5EA32FD8-1B8E-4396-BB50-12EAFFE3F055}"
EndProject
Project("{FAE04EC0-301F-11D3-BF4B-00C04F79EFBC}") = "Ejercicio_02", "Ejercicio_02\Ejercicio_02.csproj", "{23FFE00A-4DB2-45F6-B2B1-D68CC3998439}"
EndProject
Project("{FAE04EC0-301F-11D3-BF4B-00C04F79EFBC}") = "Ejercicio_03", "Ejercicio_03\Ejercicio_03.csproj", "{9B481599-74AA-4862-862F-B8F6516016E6}"
EndProject
Project("{FAE04EC0-301F-11D3-BF4B-00C04F79EFBC}") = "Clase_02_E_01", "Clase_02_E_01\Clase_02_E_01.csproj", "{F24D9656-4ED0-4D3B-84B7-ECC53164ACF2}"
EndProject
Project("{FAE04EC0-301F-11D3-BF4B-00C04F79EFBC}") = "Ejercicio_04", "Ejercicio_04\Ejercicio_04.csproj", "{9E6B599A-5167-41C8-A4AC-1B2EDEDF2892}"
EndProject
Project("{FAE04EC0-301F-11D3-BF4B-00C04F79EFBC}") = "Ejercicio_05", "Ejercicio_05\Ejercicio_05.csproj", "{59787277-A7EB-43EB-A097-958E58FCA87F}"
EndProject
Project("{FAE04EC0-301F-11D3-BF4B-00C04F79EFBC}") = "Ejercicio_06", "Ejercicio_06\Ejercicio_06.csproj", "{DCED0EE6-0B72-4D3D-954F-79807C4E3718}"
EndProject
Project("{FAE04EC0-301F-11D3-BF4B-00C04F79EFBC}") = "Clase_03_E_01", "Clase_03_E_01\Clase_03_E_01.csproj", "{6B554908-095A-4328-90B1-34B60C54F9CF}"
EndProject
Project("{FAE04EC0-301F-11D3-BF4B-00C04F79EFBC}") = "Ejercicio_17", "Ejercicio_17\Ejercicio_17.csproj", "{EA546E85-5B16-4765-90FE-FF643685ABE1}"
EndProject
Project("{FAE04EC0-301F-11D3-BF4B-00C04F79EFBC}") = "Libreria", "Libreria\Libreria.csproj", "{4C30230B-5873-4439-AC07-786E444F0E2F}"
EndProject
Project("{FAE04EC0-301F-11D3-BF4B-00C04F79EFBC}") = "Clase_03_E_02", "Clase_03_E_02\Clase_03_E_02.csproj", "{C807F832-7013-4D93-B19F-754DE6B3CA63}"
EndProject
Project("{FAE04EC0-301F-11D3-BF4B-00C04F79EFBC}") = "Clase_04_CL_01", "Clase_04_CL_01\Clase_04_CL_01.csproj", "{25B3318B-304A-47CE-B83B-C502C4BE18AB}"
EndProject
Project("{FAE04EC0-301F-11D3-BF4B-00C04F79EFBC}") = "Clase_04_E_01", "Clase_04_E_01\Clase_04_E_01.csproj", "{10D96FD5-D43F-4268-AAE8-8CDFE0D2FF4B}"
EndProject
Project("{FAE04EC0-301F-11D3-BF4B-00C04F79EFBC}") = "Clase_04_E_WindowForms", "Clase_04_E_WindowForms\Clase_04_E_WindowForms.csproj", "{07943F89-7327-49BB-96FC-AC867135DD11}"
EndProject
Project("{FAE04EC0-301F-11D3-BF4B-00C04F79EFBC}") = "Ejercicio_07", "Ejercicio_07\Ejercicio_07.csproj", "{0EE95B99-E3C3-4CD1-8CA4-8001355A0F00}"
EndProject
Project("{FAE04EC0-301F-11D3-BF4B-00C04F79EFBC}") = "Ejercicio_08", "Ejercicio_08\Ejercicio_08.csproj", "{8894B8AC-25C6-4788-9DA3-2D7B0C07C93F}"
EndProject
Project("{FAE04EC0-301F-11D3-BF4B-00C04F79EFBC}") = "Ejercicio_09", "Ejercicio_09\Ejercicio_09.csproj", "{CCA16B55-505A-4996-8594-C77E3D7AC24B}"
EndProject
Project("{FAE04EC0-301F-11D3-BF4B-00C04F79EFBC}") = "Ejercicio_10", "Ejercicio_10\Ejercicio_10.csproj", "{AA53EBC7-3AAE-4E9D-B6A3-94115AD2D18D}"
EndProject
Project("{FAE04EC0-301F-11D3-BF4B-00C04F79EFBC}") = "Ejercicio_11", "ConsoleApp2\Ejercicio_11.csproj", "{9920A1E9-0762-462A-BA5F-6298CFB3F974}"
EndProject
Project("{FAE04EC0-301F-11D3-BF4B-00C04F79EFBC}") = "Ejercicio_12", "Ejercicio_12\Ejercicio_12.csproj", "{5F1A57C4-A9A7-475A-82F9-09D312AE2AD6}"
EndProject
Project("{FAE04EC0-301F-11D3-BF4B-00C04F79EFBC}") = "Clase_05_CL_01", "Clase_05_CL_01\Clase_05_CL_01.csproj", "{A11816FD-DC76-4E7F-A96B-3FFF458C7B7D}"
EndProject
Project("{FAE04EC0-301F-11D3-BF4B-00C04F79EFBC}") = "Clase_05_E_01", "Clase_05_E_01\Clase_05_E_01.csproj", "{3CB1A3E2-1E80-4A40-AC30-9F5E18A5478B}"
EndProject
Project("{FAE04EC0-301F-11D3-BF4B-00C04F79EFBC}") = "Clase_05_E_02", "Clase_05_E_02\Clase_05_E_02.csproj", "{080069DE-E532-4DFB-AD83-8465C172DB0E}"
EndProject
Global
	GlobalSection(SolutionConfigurationPlatforms) = preSolution
		Debug|Any CPU = Debug|Any CPU
		Release|Any CPU = Release|Any CPU
	EndGlobalSection
	GlobalSection(ProjectConfigurationPlatforms) = postSolution
		{B5584F14-4DB4-4BEF-8FF9-45C146CDD4CC}.Debug|Any CPU.ActiveCfg = Debug|Any CPU
		{B5584F14-4DB4-4BEF-8FF9-45C146CDD4CC}.Debug|Any CPU.Build.0 = Debug|Any CPU
		{B5584F14-4DB4-4BEF-8FF9-45C146CDD4CC}.Release|Any CPU.ActiveCfg = Release|Any CPU
		{B5584F14-4DB4-4BEF-8FF9-45C146CDD4CC}.Release|Any CPU.Build.0 = Release|Any CPU
		{5EA32FD8-1B8E-4396-BB50-12EAFFE3F055}.Debug|Any CPU.ActiveCfg = Debug|Any CPU
		{5EA32FD8-1B8E-4396-BB50-12EAFFE3F055}.Debug|Any CPU.Build.0 = Debug|Any CPU
		{5EA32FD8-1B8E-4396-BB50-12EAFFE3F055}.Release|Any CPU.ActiveCfg = Release|Any CPU
		{5EA32FD8-1B8E-4396-BB50-12EAFFE3F055}.Release|Any CPU.Build.0 = Release|Any CPU
		{23FFE00A-4DB2-45F6-B2B1-D68CC3998439}.Debug|Any CPU.ActiveCfg = Debug|Any CPU
		{23FFE00A-4DB2-45F6-B2B1-D68CC3998439}.Debug|Any CPU.Build.0 = Debug|Any CPU
		{23FFE00A-4DB2-45F6-B2B1-D68CC3998439}.Release|Any CPU.ActiveCfg = Release|Any CPU
		{23FFE00A-4DB2-45F6-B2B1-D68CC3998439}.Release|Any CPU.Build.0 = Release|Any CPU
		{9B481599-74AA-4862-862F-B8F6516016E6}.Debug|Any CPU.ActiveCfg = Debug|Any CPU
		{9B481599-74AA-4862-862F-B8F6516016E6}.Debug|Any CPU.Build.0 = Debug|Any CPU
		{9B481599-74AA-4862-862F-B8F6516016E6}.Release|Any CPU.ActiveCfg = Release|Any CPU
		{9B481599-74AA-4862-862F-B8F6516016E6}.Release|Any CPU.Build.0 = Release|Any CPU
		{F24D9656-4ED0-4D3B-84B7-ECC53164ACF2}.Debug|Any CPU.ActiveCfg = Debug|Any CPU
		{F24D9656-4ED0-4D3B-84B7-ECC53164ACF2}.Debug|Any CPU.Build.0 = Debug|Any CPU
		{F24D9656-4ED0-4D3B-84B7-ECC53164ACF2}.Release|Any CPU.ActiveCfg = Release|Any CPU
		{F24D9656-4ED0-4D3B-84B7-ECC53164ACF2}.Release|Any CPU.Build.0 = Release|Any CPU
		{9E6B599A-5167-41C8-A4AC-1B2EDEDF2892}.Debug|Any CPU.ActiveCfg = Debug|Any CPU
		{9E6B599A-5167-41C8-A4AC-1B2EDEDF2892}.Debug|Any CPU.Build.0 = Debug|Any CPU
		{9E6B599A-5167-41C8-A4AC-1B2EDEDF2892}.Release|Any CPU.ActiveCfg = Release|Any CPU
		{9E6B599A-5167-41C8-A4AC-1B2EDEDF2892}.Release|Any CPU.Build.0 = Release|Any CPU
		{59787277-A7EB-43EB-A097-958E58FCA87F}.Debug|Any CPU.ActiveCfg = Debug|Any CPU
		{59787277-A7EB-43EB-A097-958E58FCA87F}.Debug|Any CPU.Build.0 = Debug|Any CPU
		{59787277-A7EB-43EB-A097-958E58FCA87F}.Release|Any CPU.ActiveCfg = Release|Any CPU
		{59787277-A7EB-43EB-A097-958E58FCA87F}.Release|Any CPU.Build.0 = Release|Any CPU
		{DCED0EE6-0B72-4D3D-954F-79807C4E3718}.Debug|Any CPU.ActiveCfg = Debug|Any CPU
		{DCED0EE6-0B72-4D3D-954F-79807C4E3718}.Debug|Any CPU.Build.0 = Debug|Any CPU
		{DCED0EE6-0B72-4D3D-954F-79807C4E3718}.Release|Any CPU.ActiveCfg = Release|Any CPU
		{DCED0EE6-0B72-4D3D-954F-79807C4E3718}.Release|Any CPU.Build.0 = Release|Any CPU
		{6B554908-095A-4328-90B1-34B60C54F9CF}.Debug|Any CPU.ActiveCfg = Debug|Any CPU
		{6B554908-095A-4328-90B1-34B60C54F9CF}.Debug|Any CPU.Build.0 = Debug|Any CPU
		{6B554908-095A-4328-90B1-34B60C54F9CF}.Release|Any CPU.ActiveCfg = Release|Any CPU
		{6B554908-095A-4328-90B1-34B60C54F9CF}.Release|Any CPU.Build.0 = Release|Any CPU
		{EA546E85-5B16-4765-90FE-FF643685ABE1}.Debug|Any CPU.ActiveCfg = Debug|Any CPU
		{EA546E85-5B16-4765-90FE-FF643685ABE1}.Debug|Any CPU.Build.0 = Debug|Any CPU
		{EA546E85-5B16-4765-90FE-FF643685ABE1}.Release|Any CPU.ActiveCfg = Release|Any CPU
		{EA546E85-5B16-4765-90FE-FF643685ABE1}.Release|Any CPU.Build.0 = Release|Any CPU
		{4C30230B-5873-4439-AC07-786E444F0E2F}.Debug|Any CPU.ActiveCfg = Debug|Any CPU
		{4C30230B-5873-4439-AC07-786E444F0E2F}.Debug|Any CPU.Build.0 = Debug|Any CPU
		{4C30230B-5873-4439-AC07-786E444F0E2F}.Release|Any CPU.ActiveCfg = Release|Any CPU
		{4C30230B-5873-4439-AC07-786E444F0E2F}.Release|Any CPU.Build.0 = Release|Any CPU
		{C807F832-7013-4D93-B19F-754DE6B3CA63}.Debug|Any CPU.ActiveCfg = Debug|Any CPU
		{C807F832-7013-4D93-B19F-754DE6B3CA63}.Debug|Any CPU.Build.0 = Debug|Any CPU
		{C807F832-7013-4D93-B19F-754DE6B3CA63}.Release|Any CPU.ActiveCfg = Release|Any CPU
		{C807F832-7013-4D93-B19F-754DE6B3CA63}.Release|Any CPU.Build.0 = Release|Any CPU
		{25B3318B-304A-47CE-B83B-C502C4BE18AB}.Debug|Any CPU.ActiveCfg = Debug|Any CPU
		{25B3318B-304A-47CE-B83B-C502C4BE18AB}.Debug|Any CPU.Build.0 = Debug|Any CPU
		{25B3318B-304A-47CE-B83B-C502C4BE18AB}.Release|Any CPU.ActiveCfg = Release|Any CPU
		{25B3318B-304A-47CE-B83B-C502C4BE18AB}.Release|Any CPU.Build.0 = Release|Any CPU
		{10D96FD5-D43F-4268-AAE8-8CDFE0D2FF4B}.Debug|Any CPU.ActiveCfg = Debug|Any CPU
		{10D96FD5-D43F-4268-AAE8-8CDFE0D2FF4B}.Debug|Any CPU.Build.0 = Debug|Any CPU
		{10D96FD5-D43F-4268-AAE8-8CDFE0D2FF4B}.Release|Any CPU.ActiveCfg = Release|Any CPU
		{10D96FD5-D43F-4268-AAE8-8CDFE0D2FF4B}.Release|Any CPU.Build.0 = Release|Any CPU
		{07943F89-7327-49BB-96FC-AC867135DD11}.Debug|Any CPU.ActiveCfg = Debug|Any CPU
		{07943F89-7327-49BB-96FC-AC867135DD11}.Debug|Any CPU.Build.0 = Debug|Any CPU
		{07943F89-7327-49BB-96FC-AC867135DD11}.Release|Any CPU.ActiveCfg = Release|Any CPU
		{07943F89-7327-49BB-96FC-AC867135DD11}.Release|Any CPU.Build.0 = Release|Any CPU
		{0EE95B99-E3C3-4CD1-8CA4-8001355A0F00}.Debug|Any CPU.ActiveCfg = Debug|Any CPU
		{0EE95B99-E3C3-4CD1-8CA4-8001355A0F00}.Debug|Any CPU.Build.0 = Debug|Any CPU
		{0EE95B99-E3C3-4CD1-8CA4-8001355A0F00}.Release|Any CPU.ActiveCfg = Release|Any CPU
		{0EE95B99-E3C3-4CD1-8CA4-8001355A0F00}.Release|Any CPU.Build.0 = Release|Any CPU
		{8894B8AC-25C6-4788-9DA3-2D7B0C07C93F}.Debug|Any CPU.ActiveCfg = Debug|Any CPU
		{8894B8AC-25C6-4788-9DA3-2D7B0C07C93F}.Debug|Any CPU.Build.0 = Debug|Any CPU
		{8894B8AC-25C6-4788-9DA3-2D7B0C07C93F}.Release|Any CPU.ActiveCfg = Release|Any CPU
		{8894B8AC-25C6-4788-9DA3-2D7B0C07C93F}.Release|Any CPU.Build.0 = Release|Any CPU
		{CCA16B55-505A-4996-8594-C77E3D7AC24B}.Debug|Any CPU.ActiveCfg = Debug|Any CPU
		{CCA16B55-505A-4996-8594-C77E3D7AC24B}.Debug|Any CPU.Build.0 = Debug|Any CPU
		{CCA16B55-505A-4996-8594-C77E3D7AC24B}.Release|Any CPU.ActiveCfg = Release|Any CPU
		{CCA16B55-505A-4996-8594-C77E3D7AC24B}.Release|Any CPU.Build.0 = Release|Any CPU
		{AA53EBC7-3AAE-4E9D-B6A3-94115AD2D18D}.Debug|Any CPU.ActiveCfg = Debug|Any CPU
		{AA53EBC7-3AAE-4E9D-B6A3-94115AD2D18D}.Debug|Any CPU.Build.0 = Debug|Any CPU
		{AA53EBC7-3AAE-4E9D-B6A3-94115AD2D18D}.Release|Any CPU.ActiveCfg = Release|Any CPU
		{AA53EBC7-3AAE-4E9D-B6A3-94115AD2D18D}.Release|Any CPU.Build.0 = Release|Any CPU
		{9920A1E9-0762-462A-BA5F-6298CFB3F974}.Debug|Any CPU.ActiveCfg = Debug|Any CPU
		{9920A1E9-0762-462A-BA5F-6298CFB3F974}.Debug|Any CPU.Build.0 = Debug|Any CPU
		{9920A1E9-0762-462A-BA5F-6298CFB3F974}.Release|Any CPU.ActiveCfg = Release|Any CPU
		{9920A1E9-0762-462A-BA5F-6298CFB3F974}.Release|Any CPU.Build.0 = Release|Any CPU
		{5F1A57C4-A9A7-475A-82F9-09D312AE2AD6}.Debug|Any CPU.ActiveCfg = Debug|Any CPU
		{5F1A57C4-A9A7-475A-82F9-09D312AE2AD6}.Debug|Any CPU.Build.0 = Debug|Any CPU
		{5F1A57C4-A9A7-475A-82F9-09D312AE2AD6}.Release|Any CPU.ActiveCfg = Release|Any CPU
		{5F1A57C4-A9A7-475A-82F9-09D312AE2AD6}.Release|Any CPU.Build.0 = Release|Any CPU
		{A11816FD-DC76-4E7F-A96B-3FFF458C7B7D}.Debug|Any CPU.ActiveCfg = Debug|Any CPU
		{A11816FD-DC76-4E7F-A96B-3FFF458C7B7D}.Debug|Any CPU.Build.0 = Debug|Any CPU
		{A11816FD-DC76-4E7F-A96B-3FFF458C7B7D}.Release|Any CPU.ActiveCfg = Release|Any CPU
		{A11816FD-DC76-4E7F-A96B-3FFF458C7B7D}.Release|Any CPU.Build.0 = Release|Any CPU
		{3CB1A3E2-1E80-4A40-AC30-9F5E18A5478B}.Debug|Any CPU.ActiveCfg = Debug|Any CPU
		{3CB1A3E2-1E80-4A40-AC30-9F5E18A5478B}.Debug|Any CPU.Build.0 = Debug|Any CPU
		{3CB1A3E2-1E80-4A40-AC30-9F5E18A5478B}.Release|Any CPU.ActiveCfg = Release|Any CPU
		{3CB1A3E2-1E80-4A40-AC30-9F5E18A5478B}.Release|Any CPU.Build.0 = Release|Any CPU
		{080069DE-E532-4DFB-AD83-8465C172DB0E}.Debug|Any CPU.ActiveCfg = Debug|Any CPU
		{080069DE-E532-4DFB-AD83-8465C172DB0E}.Debug|Any CPU.Build.0 = Debug|Any CPU
		{080069DE-E532-4DFB-AD83-8465C172DB0E}.Release|Any CPU.ActiveCfg = Release|Any CPU
		{080069DE-E532-4DFB-AD83-8465C172DB0E}.Release|Any CPU.Build.0 = Release|Any CPU
	EndGlobalSection
	GlobalSection(SolutionProperties) = preSolution
		HideSolutionNode = FALSE
	EndGlobalSection
	GlobalSection(ExtensibilityGlobals) = postSolution
		SolutionGuid = {1F5EE3E7-688E-4FFB-8A02-7A84241989D6}
	EndGlobalSection
EndGlobal
